
Microsoft Visual Studio Solution File, Format Version 12.00
# Visual Studio Version 16
VisualStudioVersion = 16.0.33529.622
MinimumVisualStudioVersion = 10.0.40219.1
Project("{FAE04EC0-301F-11D3-BF4B-00C04F79EFBC}") = "UcuncuGunOdevler", "UcuncuGunOdevler\UcuncuGunOdevler.csproj", "{6B320653-119B-491C-B757-20ECD266FBC3}"
EndProject
Project("{FAE04EC0-301F-11D3-BF4B-00C04F79EFBC}") = "ClassMethodDemo", "ClassMethodDemo\ClassMethodDemo.csproj", "{D0897251-E84D-4A31-A63E-0CFE8E141158}"
EndProject
Global
	GlobalSection(SolutionConfigurationPlatforms) = preSolution
		Debug|Any CPU = Debug|Any CPU
		Release|Any CPU = Release|Any CPU
	EndGlobalSection
	GlobalSection(ProjectConfigurationPlatforms) = postSolution
		{6B320653-119B-491C-B757-20ECD266FBC3}.Debug|Any CPU.ActiveCfg = Debug|Any CPU
		{6B320653-119B-491C-B757-20ECD266FBC3}.Debug|Any CPU.Build.0 = Debug|Any CPU
		{6B320653-119B-491C-B757-20ECD266FBC3}.Release|Any CPU.ActiveCfg = Release|Any CPU
		{6B320653-119B-491C-B757-20ECD266FBC3}.Release|Any CPU.Build.0 = Release|Any CPU
		{D0897251-E84D-4A31-A63E-0CFE8E141158}.Debug|Any CPU.ActiveCfg = Debug|Any CPU
		{D0897251-E84D-4A31-A63E-0CFE8E141158}.Debug|Any CPU.Build.0 = Debug|Any CPU
		{D0897251-E84D-4A31-A63E-0CFE8E141158}.Release|Any CPU.ActiveCfg = Release|Any CPU
		{D0897251-E84D-4A31-A63E-0CFE8E141158}.Release|Any CPU.Build.0 = Release|Any CPU
	EndGlobalSection
	GlobalSection(SolutionProperties) = preSolution
		HideSolutionNode = FALSE
	EndGlobalSection
	GlobalSection(ExtensibilityGlobals) = postSolution
		SolutionGuid = {42DDACF1-C31D-4151-936E-9D4F32253D05}
	EndGlobalSection
EndGlobal
